
Microsoft Visual Studio Solution File, Format Version 12.00
# Visual Studio Version 17
VisualStudioVersion = 17.9.34728.123
MinimumVisualStudioVersion = 10.0.40219.1
Project("{FAE04EC0-301F-11D3-BF4B-00C04F79EFBC}") = "PayrollData", "Payroll System\PayrollData.csproj", "{06617825-AA49-4C89-AF58-6E39178401A5}"
EndProject
Project("{FAE04EC0-301F-11D3-BF4B-00C04F79EFBC}") = "PayrollBusiness", "Business\PayrollBusiness.csproj", "{779B03B7-7212-4393-A05C-24758B3E0F7F}"
EndProject
Project("{FAE04EC0-301F-11D3-BF4B-00C04F79EFBC}") = "PayrollUI", "PayrollUI\PayrollUI.csproj", "{FEDC9E09-B948-4C05-9368-22AF5D3C9D3D}"
EndProject
Global
	GlobalSection(SolutionConfigurationPlatforms) = preSolution
		Debug|Any CPU = Debug|Any CPU
		Release|Any CPU = Release|Any CPU
	EndGlobalSection
	GlobalSection(ProjectConfigurationPlatforms) = postSolution
		{06617825-AA49-4C89-AF58-6E39178401A5}.Debug|Any CPU.ActiveCfg = Debug|Any CPU
		{06617825-AA49-4C89-AF58-6E39178401A5}.Debug|Any CPU.Build.0 = Debug|Any CPU
		{06617825-AA49-4C89-AF58-6E39178401A5}.Release|Any CPU.ActiveCfg = Release|Any CPU
		{06617825-AA49-4C89-AF58-6E39178401A5}.Release|Any CPU.Build.0 = Release|Any CPU
		{779B03B7-7212-4393-A05C-24758B3E0F7F}.Debug|Any CPU.ActiveCfg = Debug|Any CPU
		{779B03B7-7212-4393-A05C-24758B3E0F7F}.Debug|Any CPU.Build.0 = Debug|Any CPU
		{779B03B7-7212-4393-A05C-24758B3E0F7F}.Release|Any CPU.ActiveCfg = Release|Any CPU
		{779B03B7-7212-4393-A05C-24758B3E0F7F}.Release|Any CPU.Build.0 = Release|Any CPU
		{FEDC9E09-B948-4C05-9368-22AF5D3C9D3D}.Debug|Any CPU.ActiveCfg = Debug|Any CPU
		{FEDC9E09-B948-4C05-9368-22AF5D3C9D3D}.Debug|Any CPU.Build.0 = Debug|Any CPU
		{FEDC9E09-B948-4C05-9368-22AF5D3C9D3D}.Release|Any CPU.ActiveCfg = Release|Any CPU
		{FEDC9E09-B948-4C05-9368-22AF5D3C9D3D}.Release|Any CPU.Build.0 = Release|Any CPU
	EndGlobalSection
	GlobalSection(SolutionProperties) = preSolution
		HideSolutionNode = FALSE
	EndGlobalSection
	GlobalSection(ExtensibilityGlobals) = postSolution
		SolutionGuid = {89CFA6C2-98E1-46C5-892C-EE3BA9E93000}
	EndGlobalSection
EndGlobal
